
Microsoft Visual Studio Solution File, Format Version 12.00
# Visual Studio Version 17
VisualStudioVersion = 17.8.34330.188
MinimumVisualStudioVersion = 10.0.40219.1
Project("{FAE04EC0-301F-11D3-BF4B-00C04F79EFBC}") = "WebApplication1", "WebApplication1.csproj", "{F2575663-B749-469B-8242-19DDB507E496}"
EndProject
Project("{FAE04EC0-301F-11D3-BF4B-00C04F79EFBC}") = "WebApplication2", "..\WebApplication2\WebApplication2.csproj", "{32042B21-9643-4C62-99EE-FA524F6167B9}"
EndProject
Global
	GlobalSection(SolutionConfigurationPlatforms) = preSolution
		Debug|Any CPU = Debug|Any CPU
		Release|Any CPU = Release|Any CPU
	EndGlobalSection
	GlobalSection(ProjectConfigurationPlatforms) = postSolution
		{F2575663-B749-469B-8242-19DDB507E496}.Debug|Any CPU.ActiveCfg = Debug|Any CPU
		{F2575663-B749-469B-8242-19DDB507E496}.Debug|Any CPU.Build.0 = Debug|Any CPU
		{F2575663-B749-469B-8242-19DDB507E496}.Release|Any CPU.ActiveCfg = Release|Any CPU
		{F2575663-B749-469B-8242-19DDB507E496}.Release|Any CPU.Build.0 = Release|Any CPU
		{32042B21-9643-4C62-99EE-FA524F6167B9}.Debug|Any CPU.ActiveCfg = Debug|Any CPU
		{32042B21-9643-4C62-99EE-FA524F6167B9}.Debug|Any CPU.Build.0 = Debug|Any CPU
		{32042B21-9643-4C62-99EE-FA524F6167B9}.Release|Any CPU.ActiveCfg = Release|Any CPU
		{32042B21-9643-4C62-99EE-FA524F6167B9}.Release|Any CPU.Build.0 = Release|Any CPU
	EndGlobalSection
	GlobalSection(SolutionProperties) = preSolution
		HideSolutionNode = FALSE
	EndGlobalSection
	GlobalSection(ExtensibilityGlobals) = postSolution
		SolutionGuid = {461E8E37-C499-4E5F-9531-D5E1FD395535}
	EndGlobalSection
EndGlobal
